
Microsoft Visual Studio Solution File, Format Version 12.00
# Visual Studio Version 17
VisualStudioVersion = 17.10.35013.160
MinimumVisualStudioVersion = 10.0.40219.1
Project("{FAE04EC0-301F-11D3-BF4B-00C04F79EFBC}") = "DDDExamples.Domain", "DDDExamples.Domain\DDDExamples.Domain.csproj", "{1DB0C126-A039-4BAE-AACC-085B9A26C9AF}"
EndProject
Global
	GlobalSection(SolutionConfigurationPlatforms) = preSolution
		Debug|Any CPU = Debug|Any CPU
		Release|Any CPU = Release|Any CPU
	EndGlobalSection
	GlobalSection(ProjectConfigurationPlatforms) = postSolution
		{1DB0C126-A039-4BAE-AACC-085B9A26C9AF}.Debug|Any CPU.ActiveCfg = Debug|Any CPU
		{1DB0C126-A039-4BAE-AACC-085B9A26C9AF}.Debug|Any CPU.Build.0 = Debug|Any CPU
		{1DB0C126-A039-4BAE-AACC-085B9A26C9AF}.Release|Any CPU.ActiveCfg = Release|Any CPU
		{1DB0C126-A039-4BAE-AACC-085B9A26C9AF}.Release|Any CPU.Build.0 = Release|Any CPU
	EndGlobalSection
	GlobalSection(SolutionProperties) = preSolution
		HideSolutionNode = FALSE
	EndGlobalSection
	GlobalSection(ExtensibilityGlobals) = postSolution
		SolutionGuid = {6D7E2740-F04C-4512-9F69-9839B946616F}
	EndGlobalSection
EndGlobal
